
Microsoft Visual Studio Solution File, Format Version 10.00
# Visual C++ Express 2008
Project("{8BC9CEB8-8B4A-11D0-8D11-00A0C91BC942}") = "scard", "scard.vcproj", "{D93F2AED-1AF9-4BAC-AB44-2E94F21C059B}"
EndProject
Global
	GlobalSection(SolutionConfigurationPlatforms) = preSolution
		Debug|Win32 = Debug|Win32
		Release|Win32 = Release|Win32
	EndGlobalSection
	GlobalSection(ProjectConfigurationPlatforms) = postSolution
		{D93F2AED-1AF9-4BAC-AB44-2E94F21C059B}.Debug|Win32.ActiveCfg = Debug|Win32
		{D93F2AED-1AF9-4BAC-AB44-2E94F21C059B}.Debug|Win32.Build.0 = Debug|Win32
		{D93F2AED-1AF9-4BAC-AB44-2E94F21C059B}.Release|Win32.ActiveCfg = Release|Win32
		{D93F2AED-1AF9-4BAC-AB44-2E94F21C059B}.Release|Win32.Build.0 = Release|Win32
	EndGlobalSection
	GlobalSection(SolutionProperties) = preSolution
		HideSolutionNode = FALSE
	EndGlobalSection
EndGlobal
